
Microsoft Visual Studio Solution File, Format Version 12.00
# Visual Studio Version 17
Project("{8BC9CEB8-8B4A-11D0-8D11-00A0C91BC942}") = "ALL_BUILD", "ALL_BUILD.vcxproj", "{9D8CF3CC-2025-35F0-809C-52C4F950FDEF}"
	ProjectSection(ProjectDependencies) = postProject
		{C6BFD0C0-800A-350C-99A6-58B06409E61E} = {C6BFD0C0-800A-350C-99A6-58B06409E61E}
		{EAEFDAB3-1652-3F91-A02D-65A72D2C8451} = {EAEFDAB3-1652-3F91-A02D-65A72D2C8451}
		{973E07EA-9BFA-3907-89B0-E372BFB619E3} = {973E07EA-9BFA-3907-89B0-E372BFB619E3}
		{CE8ED902-4B49-3011-97A3-73A168EE3216} = {CE8ED902-4B49-3011-97A3-73A168EE3216}
		{AB09E64E-4FFD-3AC2-A197-4050397E33AA} = {AB09E64E-4FFD-3AC2-A197-4050397E33AA}
		{EEB5C7BE-BC61-324F-A056-C2FEF4523000} = {EEB5C7BE-BC61-324F-A056-C2FEF4523000}
	EndProjectSection
EndProject
Project("{8BC9CEB8-8B4A-11D0-8D11-00A0C91BC942}") = "INSTALL", "INSTALL.vcxproj", "{A8F7D94E-1CAA-3730-A281-18A93E03A0C0}"
	ProjectSection(ProjectDependencies) = postProject
		{9D8CF3CC-2025-35F0-809C-52C4F950FDEF} = {9D8CF3CC-2025-35F0-809C-52C4F950FDEF}
		{EAEFDAB3-1652-3F91-A02D-65A72D2C8451} = {EAEFDAB3-1652-3F91-A02D-65A72D2C8451}
	EndProjectSection
EndProject
Project("{8BC9CEB8-8B4A-11D0-8D11-00A0C91BC942}") = "PolyHook_2", "PolyHook_2.vcxproj", "{C6BFD0C0-800A-350C-99A6-58B06409E61E}"
	ProjectSection(ProjectDependencies) = postProject
		{EAEFDAB3-1652-3F91-A02D-65A72D2C8451} = {EAEFDAB3-1652-3F91-A02D-65A72D2C8451}
		{973E07EA-9BFA-3907-89B0-E372BFB619E3} = {973E07EA-9BFA-3907-89B0-E372BFB619E3}
		{CE8ED902-4B49-3011-97A3-73A168EE3216} = {CE8ED902-4B49-3011-97A3-73A168EE3216}
		{AB09E64E-4FFD-3AC2-A197-4050397E33AA} = {AB09E64E-4FFD-3AC2-A197-4050397E33AA}
		{EEB5C7BE-BC61-324F-A056-C2FEF4523000} = {EEB5C7BE-BC61-324F-A056-C2FEF4523000}
	EndProjectSection
EndProject
Project("{8BC9CEB8-8B4A-11D0-8D11-00A0C91BC942}") = "ZERO_CHECK", "ZERO_CHECK.vcxproj", "{EAEFDAB3-1652-3F91-A02D-65A72D2C8451}"
	ProjectSection(ProjectDependencies) = postProject
	EndProjectSection
EndProject
Project("{8BC9CEB8-8B4A-11D0-8D11-00A0C91BC942}") = "Zycore", "zydis\dependencies\zycore\Zycore.vcxproj", "{973E07EA-9BFA-3907-89B0-E372BFB619E3}"
	ProjectSection(ProjectDependencies) = postProject
		{EAEFDAB3-1652-3F91-A02D-65A72D2C8451} = {EAEFDAB3-1652-3F91-A02D-65A72D2C8451}
	EndProjectSection
EndProject
Project("{8BC9CEB8-8B4A-11D0-8D11-00A0C91BC942}") = "Zydis", "zydis\Zydis.vcxproj", "{CE8ED902-4B49-3011-97A3-73A168EE3216}"
	ProjectSection(ProjectDependencies) = postProject
		{EAEFDAB3-1652-3F91-A02D-65A72D2C8451} = {EAEFDAB3-1652-3F91-A02D-65A72D2C8451}
		{973E07EA-9BFA-3907-89B0-E372BFB619E3} = {973E07EA-9BFA-3907-89B0-E372BFB619E3}
	EndProjectSection
EndProject
Project("{8BC9CEB8-8B4A-11D0-8D11-00A0C91BC942}") = "asmjit", "asmtk\asmjit.vcxproj", "{AB09E64E-4FFD-3AC2-A197-4050397E33AA}"
	ProjectSection(ProjectDependencies) = postProject
		{EAEFDAB3-1652-3F91-A02D-65A72D2C8451} = {EAEFDAB3-1652-3F91-A02D-65A72D2C8451}
	EndProjectSection
EndProject
Project("{8BC9CEB8-8B4A-11D0-8D11-00A0C91BC942}") = "asmtk", "asmtk\asmtk.vcxproj", "{EEB5C7BE-BC61-324F-A056-C2FEF4523000}"
	ProjectSection(ProjectDependencies) = postProject
		{EAEFDAB3-1652-3F91-A02D-65A72D2C8451} = {EAEFDAB3-1652-3F91-A02D-65A72D2C8451}
		{AB09E64E-4FFD-3AC2-A197-4050397E33AA} = {AB09E64E-4FFD-3AC2-A197-4050397E33AA}
	EndProjectSection
EndProject
Global
	GlobalSection(SolutionConfigurationPlatforms) = preSolution
		Debug|x64 = Debug|x64
	EndGlobalSection
	GlobalSection(ProjectConfigurationPlatforms) = postSolution
		{9D8CF3CC-2025-35F0-809C-52C4F950FDEF}.Debug|x64.ActiveCfg = Debug|x64
		{9D8CF3CC-2025-35F0-809C-52C4F950FDEF}.Debug|x64.Build.0 = Debug|x64
		{A8F7D94E-1CAA-3730-A281-18A93E03A0C0}.Debug|x64.ActiveCfg = Debug|x64
		{C6BFD0C0-800A-350C-99A6-58B06409E61E}.Debug|x64.ActiveCfg = Debug|x64
		{C6BFD0C0-800A-350C-99A6-58B06409E61E}.Debug|x64.Build.0 = Debug|x64
		{EAEFDAB3-1652-3F91-A02D-65A72D2C8451}.Debug|x64.ActiveCfg = Debug|x64
		{EAEFDAB3-1652-3F91-A02D-65A72D2C8451}.Debug|x64.Build.0 = Debug|x64
		{973E07EA-9BFA-3907-89B0-E372BFB619E3}.Debug|x64.ActiveCfg = Debug|x64
		{973E07EA-9BFA-3907-89B0-E372BFB619E3}.Debug|x64.Build.0 = Debug|x64
		{CE8ED902-4B49-3011-97A3-73A168EE3216}.Debug|x64.ActiveCfg = Debug|x64
		{CE8ED902-4B49-3011-97A3-73A168EE3216}.Debug|x64.Build.0 = Debug|x64
		{AB09E64E-4FFD-3AC2-A197-4050397E33AA}.Debug|x64.ActiveCfg = Debug|x64
		{AB09E64E-4FFD-3AC2-A197-4050397E33AA}.Debug|x64.Build.0 = Debug|x64
		{EEB5C7BE-BC61-324F-A056-C2FEF4523000}.Debug|x64.ActiveCfg = Debug|x64
		{EEB5C7BE-BC61-324F-A056-C2FEF4523000}.Debug|x64.Build.0 = Debug|x64
	EndGlobalSection
	GlobalSection(ExtensibilityGlobals) = postSolution
		SolutionGuid = {4F32B3A5-2BA4-3782-8D11-3B31DC645D08}
	EndGlobalSection
	GlobalSection(ExtensibilityAddIns) = postSolution
	EndGlobalSection
EndGlobal
