<?xml version="1.0" encoding="utf-8"?>
<Project ToolsVersion="17.0" xmlns="http://schemas.microsoft.com/developer/msbuild/2003">
  <ItemGroup>
    <ClCompile Include="D:\v1.5\v1.5\Libs\PolyHook\zydis\src\MetaInfo.c">
      <Filter>Source Files</Filter>
    </ClCompile>
    <ClCompile Include="D:\v1.5\v1.5\Libs\PolyHook\zydis\src\Mnemonic.c">
      <Filter>Source Files</Filter>
    </ClCompile>
    <ClCompile Include="D:\v1.5\v1.5\Libs\PolyHook\zydis\src\Register.c">
      <Filter>Source Files</Filter>
    </ClCompile>
    <ClCompile Include="D:\v1.5\v1.5\Libs\PolyHook\zydis\src\SharedData.c">
      <Filter>Source Files</Filter>
    </ClCompile>
    <ClCompile Include="D:\v1.5\v1.5\Libs\PolyHook\zydis\src\String.c">
      <Filter>Source Files</Filter>
    </ClCompile>
    <ClCompile Include="D:\v1.5\v1.5\Libs\PolyHook\zydis\src\Utils.c">
      <Filter>Source Files</Filter>
    </ClCompile>
    <ClCompile Include="D:\v1.5\v1.5\Libs\PolyHook\zydis\src\Zydis.c">
      <Filter>Source Files</Filter>
    </ClCompile>
    <ClCompile Include="D:\v1.5\v1.5\Libs\PolyHook\zydis\src\Decoder.c">
      <Filter>Source Files</Filter>
    </ClCompile>
    <ClCompile Include="D:\v1.5\v1.5\Libs\PolyHook\zydis\src\DecoderData.c">
      <Filter>Source Files</Filter>
    </ClCompile>
    <ClCompile Include="D:\v1.5\v1.5\Libs\PolyHook\zydis\src\Formatter.c">
      <Filter>Source Files</Filter>
    </ClCompile>
    <ClCompile Include="D:\v1.5\v1.5\Libs\PolyHook\zydis\src\FormatterBuffer.c">
      <Filter>Source Files</Filter>
    </ClCompile>
    <ClCompile Include="D:\v1.5\v1.5\Libs\PolyHook\zydis\src\FormatterATT.c">
      <Filter>Source Files</Filter>
    </ClCompile>
    <ClCompile Include="D:\v1.5\v1.5\Libs\PolyHook\zydis\src\FormatterBase.c">
      <Filter>Source Files</Filter>
    </ClCompile>
    <ClCompile Include="D:\v1.5\v1.5\Libs\PolyHook\zydis\src\FormatterIntel.c">
      <Filter>Source Files</Filter>
    </ClCompile>
  </ItemGroup>
  <ItemGroup>
    <ClInclude Include="D:\v1.5\v1.5\Libs\PolyHook\zydis\include\Zydis\MetaInfo.h">
      <Filter>Header Files</Filter>
    </ClInclude>
    <ClInclude Include="D:\v1.5\v1.5\Libs\PolyHook\zydis\include\Zydis\Mnemonic.h">
      <Filter>Header Files</Filter>
    </ClInclude>
    <ClInclude Include="D:\v1.5\v1.5\Libs\PolyHook\zydis\include\Zydis\Register.h">
      <Filter>Header Files</Filter>
    </ClInclude>
    <ClInclude Include="D:\v1.5\v1.5\Libs\PolyHook\zydis\include\Zydis\SharedTypes.h">
      <Filter>Header Files</Filter>
    </ClInclude>
    <ClInclude Include="D:\v1.5\v1.5\Libs\PolyHook\zydis\include\Zydis\ShortString.h">
      <Filter>Header Files</Filter>
    </ClInclude>
    <ClInclude Include="D:\v1.5\v1.5\Libs\PolyHook\zydis\include\Zydis\Status.h">
      <Filter>Header Files</Filter>
    </ClInclude>
    <ClInclude Include="D:\v1.5\v1.5\Libs\PolyHook\zydis\include\Zydis\Utils.h">
      <Filter>Header Files</Filter>
    </ClInclude>
    <ClInclude Include="D:\v1.5\v1.5\Libs\PolyHook\zydis\include\Zydis\Zydis.h">
      <Filter>Header Files</Filter>
    </ClInclude>
    <ClInclude Include="D:\v1.5\v1.5\Libs\PolyHook\zydis\include\Zydis\Internal\SharedData.h">
      <Filter>Header Files</Filter>
    </ClInclude>
    <ClInclude Include="D:\v1.5\v1.5\Libs\PolyHook\zydis\include\Zydis\Internal\String.h">
      <Filter>Header Files</Filter>
    </ClInclude>
    <ClInclude Include="D:\v1.5\v1.5\Libs\PolyHook\zydis\include\Zydis\Decoder.h">
      <Filter>Header Files</Filter>
    </ClInclude>
    <ClInclude Include="D:\v1.5\v1.5\Libs\PolyHook\zydis\include\Zydis\DecoderTypes.h">
      <Filter>Header Files</Filter>
    </ClInclude>
    <ClInclude Include="D:\v1.5\v1.5\Libs\PolyHook\zydis\include\Zydis\Internal\DecoderData.h">
      <Filter>Header Files</Filter>
    </ClInclude>
    <ClInclude Include="D:\v1.5\v1.5\Libs\PolyHook\zydis\include\Zydis\Formatter.h">
      <Filter>Header Files</Filter>
    </ClInclude>
    <ClInclude Include="D:\v1.5\v1.5\Libs\PolyHook\zydis\include\Zydis\FormatterBuffer.h">
      <Filter>Header Files</Filter>
    </ClInclude>
    <ClInclude Include="D:\v1.5\v1.5\Libs\PolyHook\zydis\include\Zydis\Internal\FormatterATT.h">
      <Filter>Header Files</Filter>
    </ClInclude>
    <ClInclude Include="D:\v1.5\v1.5\Libs\PolyHook\zydis\include\Zydis\Internal\FormatterBase.h">
      <Filter>Header Files</Filter>
    </ClInclude>
    <ClInclude Include="D:\v1.5\v1.5\Libs\PolyHook\zydis\include\Zydis\Internal\FormatterIntel.h">
      <Filter>Header Files</Filter>
    </ClInclude>
  </ItemGroup>
  <ItemGroup>
    <CustomBuild Include="D:\v1.5\v1.5\Libs\PolyHook\zydis\CMakeLists.txt" />
  </ItemGroup>
  <ItemGroup>
    <Filter Include="Header Files">
      <UniqueIdentifier>{890068E7-FA39-35AF-846D-AC9E1E25BC13}</UniqueIdentifier>
    </Filter>
    <Filter Include="Source Files">
      <UniqueIdentifier>{7B952A08-8929-3192-AB5D-009A8C3B8C94}</UniqueIdentifier>
    </Filter>
  </ItemGroup>
</Project>
