
Microsoft Visual Studio Solution File, Format Version 12.00
# Visual Studio Version 17
Project("{8BC9CEB8-8B4A-11D0-8D11-00A0C91BC942}") = "ALL_BUILD", "ALL_BUILD.vcxproj", "{2B22B38E-8009-38CE-8342-2A2B6BB09987}"
	ProjectSection(ProjectDependencies) = postProject
		{BE57978B-D6C8-32D0-A229-D73A4834D1AC} = {BE57978B-D6C8-32D0-A229-D73A4834D1AC}
		{E9A99098-86EC-3C71-ADE6-BC90F14A101C} = {E9A99098-86EC-3C71-ADE6-BC90F14A101C}
	EndProjectSection
EndProject
Project("{8BC9CEB8-8B4A-11D0-8D11-00A0C91BC942}") = "INSTALL", "INSTALL.vcxproj", "{A713B11E-1090-3FFB-A213-8F410C8C329C}"
	ProjectSection(ProjectDependencies) = postProject
		{2B22B38E-8009-38CE-8342-2A2B6BB09987} = {2B22B38E-8009-38CE-8342-2A2B6BB09987}
		{BE57978B-D6C8-32D0-A229-D73A4834D1AC} = {BE57978B-D6C8-32D0-A229-D73A4834D1AC}
	EndProjectSection
EndProject
Project("{8BC9CEB8-8B4A-11D0-8D11-00A0C91BC942}") = "ZERO_CHECK", "..\\ZERO_CHECK.vcxproj", "{BE57978B-D6C8-32D0-A229-D73A4834D1AC}"
	ProjectSection(ProjectDependencies) = postProject
	EndProjectSection
EndProject
Project("{8BC9CEB8-8B4A-11D0-8D11-00A0C91BC942}") = "Zycore", "dependencies\zycore\Zycore.vcxproj", "{5382B2D1-B343-3D02-B55A-BAAA43342EF4}"
	ProjectSection(ProjectDependencies) = postProject
		{BE57978B-D6C8-32D0-A229-D73A4834D1AC} = {BE57978B-D6C8-32D0-A229-D73A4834D1AC}
	EndProjectSection
EndProject
Project("{8BC9CEB8-8B4A-11D0-8D11-00A0C91BC942}") = "Zydis", "Zydis.vcxproj", "{E9A99098-86EC-3C71-ADE6-BC90F14A101C}"
	ProjectSection(ProjectDependencies) = postProject
		{BE57978B-D6C8-32D0-A229-D73A4834D1AC} = {BE57978B-D6C8-32D0-A229-D73A4834D1AC}
		{5382B2D1-B343-3D02-B55A-BAAA43342EF4} = {5382B2D1-B343-3D02-B55A-BAAA43342EF4}
	EndProjectSection
EndProject
Global
	GlobalSection(SolutionConfigurationPlatforms) = preSolution
		Debug|Win32 = Debug|Win32
	EndGlobalSection
	GlobalSection(ProjectConfigurationPlatforms) = postSolution
		{2B22B38E-8009-38CE-8342-2A2B6BB09987}.Debug|Win32.ActiveCfg = Debug|Win32
		{2B22B38E-8009-38CE-8342-2A2B6BB09987}.Debug|Win32.Build.0 = Debug|Win32
		{A713B11E-1090-3FFB-A213-8F410C8C329C}.Debug|Win32.ActiveCfg = Debug|Win32
		{BE57978B-D6C8-32D0-A229-D73A4834D1AC}.Debug|Win32.ActiveCfg = Debug|Win32
		{BE57978B-D6C8-32D0-A229-D73A4834D1AC}.Debug|Win32.Build.0 = Debug|Win32
		{5382B2D1-B343-3D02-B55A-BAAA43342EF4}.Debug|Win32.ActiveCfg = Debug|Win32
		{5382B2D1-B343-3D02-B55A-BAAA43342EF4}.Debug|Win32.Build.0 = Debug|Win32
		{E9A99098-86EC-3C71-ADE6-BC90F14A101C}.Debug|Win32.ActiveCfg = Debug|Win32
		{E9A99098-86EC-3C71-ADE6-BC90F14A101C}.Debug|Win32.Build.0 = Debug|Win32
	EndGlobalSection
	GlobalSection(ExtensibilityGlobals) = postSolution
		SolutionGuid = {2D87896F-5F60-31D7-9F28-D74FA4A94247}
	EndGlobalSection
	GlobalSection(ExtensibilityAddIns) = postSolution
	EndGlobalSection
EndGlobal
